<?xml version="1.0" encoding="utf-8"?>
<Project ToolsVersion="4.0" xmlns="http://schemas.microsoft.com/developer/msbuild/2003">
  <ItemGroup>
    <Filter Include="Source Files">
      <UniqueIdentifier>{4FC737F1-C7A5-4376-A066-2A32D752A2FF}</UniqueIdentifier>
      <Extensions>cpp;c;cc;cxx;c++;cppm;ixx;def;odl;idl;hpj;bat;asm;asmx</Extensions>
    </Filter>
    <Filter Include="Header Files">
      <UniqueIdentifier>{93995380-89BD-4b04-88EB-625FBE52EBFB}</UniqueIdentifier>
      <Extensions>h;hh;hpp;hxx;h++;hm;inl;inc;ipp;xsd</Extensions>
    </Filter>
    <Filter Include="Resource Files">
      <UniqueIdentifier>{67DA6AB6-F800-4c08-8B7A-83BB121AAD01}</UniqueIdentifier>
      <Extensions>rc;ico;cur;bmp;dlg;rc2;rct;bin;rgs;gif;jpg;jpeg;jpe;resx;tiff;tif;png;wav;mfcribbon-ms</Extensions>
    </Filter>
    <Filter Include="Source Files\Model">
      <UniqueIdentifier>{7e1ac140-acbb-4dff-863b-73ef73c2460f}</UniqueIdentifier>
    </Filter>
    <Filter Include="Source Files\Simulation">
      <UniqueIdentifier>{45f2d354-aea4-4e8f-970d-c9e23095acb9}</UniqueIdentifier>
    </Filter>
    <Filter Include="Source Files\Test">
      <UniqueIdentifier>{f6c91b88-968b-4765-a3fe-73ff730d619f}</UniqueIdentifier>
    </Filter>
    <Filter Include="Header Files\Model">
      <UniqueIdentifier>{ec335a99-e2e2-4e9e-b1f3-ab62d8dfe11e}</UniqueIdentifier>
    </Filter>
    <Filter Include="Header Files\Simulation">
      <UniqueIdentifier>{6ceeee88-0b7c-44af-960e-8cab1d07f745}</UniqueIdentifier>
    </Filter>
    <Filter Include="Header Files\Test">
      <UniqueIdentifier>{f0502316-023e-4e55-a604-82a82aea6153}</UniqueIdentifier>
    </Filter>
    <Filter Include="Header Files\Graph">
      <UniqueIdentifier>{8446c165-0fdb-4197-8225-c4dad633b127}</UniqueIdentifier>
    </Filter>
    <Filter Include="Source Files\Graph">
      <UniqueIdentifier>{50445b2e-a708-40c9-8699-31a81fc16781}</UniqueIdentifier>
    </Filter>
  </ItemGroup>
  <ItemGroup>
    <ClCompile Include="Source\Model\LinkedStation.cpp">
      <Filter>Source Files\Model</Filter>
    </ClCompile>
    <ClCompile Include="Source\Model\Station.cpp">
      <Filter>Source Files\Model</Filter>
    </ClCompile>
    <ClCompile Include="Source\Simulation\StationGenerator.cpp">
      <Filter>Source Files\Simulation</Filter>
    </ClCompile>
    <ClCompile Include="Source\Simulation\LinkGenerator.cpp">
      <Filter>Source Files\Simulation</Filter>
    </ClCompile>
    <ClCompile Include="Source\Model\LinkData.cpp">
      <Filter>Source Files\Model</Filter>
    </ClCompile>
    <ClCompile Include="Source\Simulation\LinkedStationGenerator.cpp">
      <Filter>Source Files\Simulation</Filter>
    </ClCompile>
    <ClCompile Include="Source\Graph\Graph.cpp">
      <Filter>Source Files\Graph</Filter>
    </ClCompile>
    <ClCompile Include="Source\Model\Connection.cpp">
      <Filter>Source Files\Model</Filter>
    </ClCompile>
    <ClCompile Include="Source\Model\Constants.cpp">
      <Filter>Source Files\Model</Filter>
    </ClCompile>
    <ClCompile Include="Source\Graph\DijkstraGraph.cpp">
      <Filter>Source Files\Graph</Filter>
    </ClCompile>
    <ClCompile Include="Source\Simulation\Constants.cpp">
      <Filter>Source Files\Simulation</Filter>
    </ClCompile>
    <ClCompile Include="Source\Graph\Algorithms.cpp">
      <Filter>Source Files\Graph</Filter>
    </ClCompile>
    <ClCompile Include="Source\Model\Algorithms.cpp">
      <Filter>Source Files\Model</Filter>
    </ClCompile>
    <ClCompile Include="Source\Test\main.cpp">
      <Filter>Source Files\Test</Filter>
    </ClCompile>
    <ClCompile Include="Source\Test\Functions.cpp">
      <Filter>Source Files\Test</Filter>
    </ClCompile>
    <ClCompile Include="Source\Test\Cases.cpp">
      <Filter>Source Files\Test</Filter>
    </ClCompile>
  </ItemGroup>
  <ItemGroup>
    <ClInclude Include="Source\Model\LinkedStation.h">
      <Filter>Header Files\Model</Filter>
    </ClInclude>
    <ClInclude Include="Source\Model\Station.h">
      <Filter>Header Files\Model</Filter>
    </ClInclude>
    <ClInclude Include="Source\Simulation\StationGenerator.h">
      <Filter>Header Files\Simulation</Filter>
    </ClInclude>
    <ClInclude Include="Source\Simulation\LinkGenerator.h">
      <Filter>Header Files\Simulation</Filter>
    </ClInclude>
    <ClInclude Include="Source\Model\LinkData.h">
      <Filter>Header Files\Model</Filter>
    </ClInclude>
    <ClInclude Include="Source\Simulation\LinkedStationGenerator.h">
      <Filter>Header Files\Simulation</Filter>
    </ClInclude>
    <ClInclude Include="Source\Graph\Graph.h">
      <Filter>Header Files\Graph</Filter>
    </ClInclude>
    <ClInclude Include="Source\Model\Algorithms.h">
      <Filter>Header Files\Model</Filter>
    </ClInclude>
    <ClInclude Include="Source\Model\Connection.h">
      <Filter>Header Files\Model</Filter>
    </ClInclude>
    <ClInclude Include="Source\Model\Constants.h">
      <Filter>Header Files\Model</Filter>
    </ClInclude>
    <ClInclude Include="Source\Graph\DijkstraGraph.h">
      <Filter>Header Files\Graph</Filter>
    </ClInclude>
    <ClInclude Include="Source\Graph\Types.h">
      <Filter>Header Files\Graph</Filter>
    </ClInclude>
    <ClInclude Include="Source\Model\Types.h">
      <Filter>Header Files\Model</Filter>
    </ClInclude>
    <ClInclude Include="Source\Simulation\Types.h">
      <Filter>Header Files\Simulation</Filter>
    </ClInclude>
    <ClInclude Include="Source\Simulation\Constants.h">
      <Filter>Header Files\Simulation</Filter>
    </ClInclude>
    <ClInclude Include="Source\Graph\Algorithms.h">
      <Filter>Header Files\Graph</Filter>
    </ClInclude>
    <ClInclude Include="Source\Test\Functions.h">
      <Filter>Header Files\Test</Filter>
    </ClInclude>
    <ClInclude Include="Source\Test\Cases.h">
      <Filter>Header Files\Test</Filter>
    </ClInclude>
  </ItemGroup>
</Project>